{
  "name": "04-test-install-rnt-lib",
  "version": "1.0.0",
  "lockfileVersion": 2,
  "requires": true,
  "packages": {
    "": {
      "name": "04-test-install-rnt-lib",
      "version": "1.0.0",
      "license": "ISC",
      "dependencies": {
        "03-rnt-lib": "^1.0.0"
      }
    },
    "node_modules/03-rnt-lib": {
      "version": "1.0.0",
      "resolved": "https://registry.npmjs.org/03-rnt-lib/-/03-rnt-lib-1.0.0.tgz",
      "integrity": "sha512-cGntdf4v6t6f/h/7p//VFjp5YCe3YEG4EFpK3IgqVhO6M/Xq0A5hT3r/fIea3enIbeZc/kr+Iwh4f9o9WO3utg=="
    }
  },
  "dependencies": {
    "03-rnt-lib": {
      "version": "1.0.0",
      "resolved": "https://registry.npmjs.org/03-rnt-lib/-/03-rnt-lib-1.0.0.tgz",
      "integrity": "sha512-cGntdf4v6t6f/h/7p//VFjp5YCe3YEG4EFpK3IgqVhO6M/Xq0A5hT3r/fIea3enIbeZc/kr+Iwh4f9o9WO3utg=="
    }
  }
}
